// !$*UTF8*$!
{
	archiveVersion = 1;
	classes = {
	};
	objectVersion = 46;
	objects = {

/* Begin PBXBuildFile section */
		6008A53F1BDF7664007A634F /* buttonBlue.png in Resources */ = {isa = PBXBuildFile; fileRef = 6008A53E1BDF7664007A634F /* buttonBlue.png */; };
		6008A5431BE0A4E2007A634F /* messageViewController.m in Sources */ = {isa = PBXBuildFile; fileRef = 6008A5411BE0A4E2007A634F /* messageViewController.m */; };
		6016EE351BEC41790083ADAD /* ConversationViewController.m in Sources */ = {isa = PBXBuildFile; fileRef = 6016EE341BEC41790083ADAD /* ConversationViewController.m */; };
		601DDC7A1D053C0C003AC39C /* Foundation+Log.m in Sources */ = {isa = PBXBuildFile; fileRef = 601DDC791D053C0C003AC39C /* Foundation+Log.m */; };
		603BFA0F1BDDFF240001148C /* main.m in Sources */ = {isa = PBXBuildFile; fileRef = 603BFA0E1BDDFF240001148C /* main.m */; };
		603BFA121BDDFF240001148C /* AppDelegate.m in Sources */ = {isa = PBXBuildFile; fileRef = 603BFA111BDDFF240001148C /* AppDelegate.m */; };
		603BFA151BDDFF240001148C /* FirstViewController.m in Sources */ = {isa = PBXBuildFile; fileRef = 603BFA141BDDFF240001148C /* FirstViewController.m */; };
		603BFA181BDDFF240001148C /* SecondViewController.m in Sources */ = {isa = PBXBuildFile; fileRef = 603BFA171BDDFF240001148C /* SecondViewController.m */; };
		603BFA1B1BDDFF240001148C /* Main.storyboard in Resources */ = {isa = PBXBuildFile; fileRef = 603BFA191BDDFF240001148C /* Main.storyboard */; };
		603BFA201BDDFF240001148C /* LaunchScreen.storyboard in Resources */ = {isa = PBXBuildFile; fileRef = 603BFA1E1BDDFF240001148C /* LaunchScreen.storyboard */; };
		603BFA281BDDFF500001148C /* CFNetwork.framework in Frameworks */ = {isa = PBXBuildFile; fileRef = 603BFA271BDDFF4F0001148C /* CFNetwork.framework */; };
		603BFA2A1BDDFF590001148C /* CoreAudio.framework in Frameworks */ = {isa = PBXBuildFile; fileRef = 603BFA291BDDFF590001148C /* CoreAudio.framework */; };
		603BFA2C1BDDFF620001148C /* CoreFoundation.framework in Frameworks */ = {isa = PBXBuildFile; fileRef = 603BFA2B1BDDFF620001148C /* CoreFoundation.framework */; };
		603BFA2E1BDDFF660001148C /* CoreGraphics.framework in Frameworks */ = {isa = PBXBuildFile; fileRef = 603BFA2D1BDDFF660001148C /* CoreGraphics.framework */; };
		603BFA301BDDFFA30001148C /* CoreTelephony.framework in Frameworks */ = {isa = PBXBuildFile; fileRef = 603BFA2F1BDDFFA30001148C /* CoreTelephony.framework */; };
		603BFA321BDDFFBE0001148C /* SystemConfiguration.framework in Frameworks */ = {isa = PBXBuildFile; fileRef = 603BFA311BDDFFBE0001148C /* SystemConfiguration.framework */; };
		603BFA341BDDFFC90001148C /* Foundation.framework in Frameworks */ = {isa = PBXBuildFile; fileRef = 603BFA331BDDFFC90001148C /* Foundation.framework */; };
		603BFA361BDDFFD00001148C /* UIKit.framework in Frameworks */ = {isa = PBXBuildFile; fileRef = 603BFA351BDDFFD00001148C /* UIKit.framework */; };
		603BFA381BDDFFD80001148C /* Security.framework in Frameworks */ = {isa = PBXBuildFile; fileRef = 603BFA371BDDFFD70001148C /* Security.framework */; };
		603BFA3C1BDDFFEA0001148C /* AudioToolbox.framework in Frameworks */ = {isa = PBXBuildFile; fileRef = 603BFA3B1BDDFFEA0001148C /* AudioToolbox.framework */; };
		604AAE031D4108F000700D37 /* JMessage.framework in Frameworks */ = {isa = PBXBuildFile; fileRef = 604AAE021D4108F000700D37 /* JMessage.framework */; };
		608236221BDE699700F944FA /* libz.tbd in Frameworks */ = {isa = PBXBuildFile; fileRef = 603BFA391BDDFFE00001148C /* libz.tbd */; };
		608236231BDE69A200F944FA /* libsqlite3.0.tbd in Frameworks */ = {isa = PBXBuildFile; fileRef = 603BFA3D1BDDFFFD0001148C /* libsqlite3.0.tbd */; };
		6095E9851D2E27AE006EF3EA /* XHVoiceCommonHelper.m in Sources */ = {isa = PBXBuildFile; fileRef = 6095E9801D2E27AE006EF3EA /* XHVoiceCommonHelper.m */; };
		6095E9861D2E27AE006EF3EA /* XHVoiceRecordHelper.m in Sources */ = {isa = PBXBuildFile; fileRef = 6095E9821D2E27AE006EF3EA /* XHVoiceRecordHelper.m */; };
		6095E9871D2E27AE006EF3EA /* XHVoiceRecordHUD.m in Sources */ = {isa = PBXBuildFile; fileRef = 6095E9841D2E27AE006EF3EA /* XHVoiceRecordHUD.m */; };
		60A5D4C31BDF44C900499CCE /* Info.plist in Resources */ = {isa = PBXBuildFile; fileRef = 603BFA211BDDFF240001148C /* Info.plist */; };
		60A5D4C41BDF4A5300499CCE /* MobileCoreServices.framework in Frameworks */ = {isa = PBXBuildFile; fileRef = 60EF31E61BDF1A0D0003C300 /* MobileCoreServices.framework */; };
		60AB6D751BE708F400C440B7 /* ChangePasswordViewController.m in Sources */ = {isa = PBXBuildFile; fileRef = 60AB6D741BE708F400C440B7 /* ChangePasswordViewController.m */; };
		60BA9E5D1D2B5FA400A9D4CD /* JMSGMsgViewController.m in Sources */ = {isa = PBXBuildFile; fileRef = 60BA9E5C1D2B5FA400A9D4CD /* JMSGMsgViewController.m */; };
		60D728D41D227FEC002C4AC0 /* DisturbAndBlackListViewController.m in Sources */ = {isa = PBXBuildFile; fileRef = 60D728D31D227FEC002C4AC0 /* DisturbAndBlackListViewController.m */; };
		60E8F7D71D26005A00141508 /* jiguang.png in Resources */ = {isa = PBXBuildFile; fileRef = 60E8F7D61D26005A00141508 /* jiguang.png */; };
		60E8F7DD1D2604AF00141508 /* first.pdf in Resources */ = {isa = PBXBuildFile; fileRef = 60E8F7DC1D2604AF00141508 /* first.pdf */; };
		60E8F7DF1D2604B700141508 /* second.pdf in Resources */ = {isa = PBXBuildFile; fileRef = 60E8F7DE1D2604B700141508 /* second.pdf */; };
		60E8F7E11D26089200141508 /* Assets.xcassets in Resources */ = {isa = PBXBuildFile; fileRef = 60E8F7E01D26089200141508 /* Assets.xcassets */; };
		60F44E711BE120C500B4598B /* 720_切图_32.png in Resources */ = {isa = PBXBuildFile; fileRef = 60F44E701BE120C500B4598B /* 720_切图_32.png */; };
		60F44E731BE1218100B4598B /* 720__58.png in Resources */ = {isa = PBXBuildFile; fileRef = 60F44E721BE1218100B4598B /* 720__58.png */; };
		60F44E751BE1222800B4598B /* 群组.png in Resources */ = {isa = PBXBuildFile; fileRef = 60F44E741BE1222800B4598B /* 群组.png */; };
		60F989871D0565B0007012CC /* NSNull+Fff.m in Sources */ = {isa = PBXBuildFile; fileRef = 60F989861D0565B0007012CC /* NSNull+Fff.m */; };
		60FF5E3B1D2BAFCC00F2795D /* AdSupport.framework in Frameworks */ = {isa = PBXBuildFile; fileRef = 60FF5E3A1D2BAFCC00F2795D /* AdSupport.framework */; };
/* End PBXBuildFile section */

/* Begin PBXFileReference section */
		6008A53E1BDF7664007A634F /* buttonBlue.png */ = {isa = PBXFileReference; lastKnownFileType = image.png; path = buttonBlue.png; sourceTree = "<group>"; };
		6008A5401BE0A4E2007A634F /* messageViewController.h */ = {isa = PBXFileReference; fileEncoding = 4; lastKnownFileType = sourcecode.c.h; path = messageViewController.h; sourceTree = "<group>"; };
		6008A5411BE0A4E2007A634F /* messageViewController.m */ = {isa = PBXFileReference; fileEncoding = 4; lastKnownFileType = sourcecode.c.objc; path = messageViewController.m; sourceTree = "<group>"; };
		6016EE331BEC41790083ADAD /* ConversationViewController.h */ = {isa = PBXFileReference; fileEncoding = 4; lastKnownFileType = sourcecode.c.h; path = ConversationViewController.h; sourceTree = "<group>"; };
		6016EE341BEC41790083ADAD /* ConversationViewController.m */ = {isa = PBXFileReference; fileEncoding = 4; lastKnownFileType = sourcecode.c.objc; path = ConversationViewController.m; sourceTree = "<group>"; };
		601DDC791D053C0C003AC39C /* Foundation+Log.m */ = {isa = PBXFileReference; fileEncoding = 4; lastKnownFileType = sourcecode.c.objc; path = "Foundation+Log.m"; sourceTree = "<group>"; };
		603BFA0A1BDDFF240001148C /* im213qpt.app */ = {isa = PBXFileReference; explicitFileType = wrapper.application; includeInIndex = 0; path = im213qpt.app; sourceTree = BUILT_PRODUCTS_DIR; };
		603BFA0E1BDDFF240001148C /* main.m */ = {isa = PBXFileReference; lastKnownFileType = sourcecode.c.objc; path = main.m; sourceTree = "<group>"; };
		603BFA101BDDFF240001148C /* AppDelegate.h */ = {isa = PBXFileReference; lastKnownFileType = sourcecode.c.h; path = AppDelegate.h; sourceTree = "<group>"; };
		603BFA111BDDFF240001148C /* AppDelegate.m */ = {isa = PBXFileReference; lastKnownFileType = sourcecode.c.objc; path = AppDelegate.m; sourceTree = "<group>"; };
		603BFA131BDDFF240001148C /* FirstViewController.h */ = {isa = PBXFileReference; lastKnownFileType = sourcecode.c.h; path = FirstViewController.h; sourceTree = "<group>"; };
		603BFA141BDDFF240001148C /* FirstViewController.m */ = {isa = PBXFileReference; lastKnownFileType = sourcecode.c.objc; path = FirstViewController.m; sourceTree = "<group>"; };
		603BFA161BDDFF240001148C /* SecondViewController.h */ = {isa = PBXFileReference; lastKnownFileType = sourcecode.c.h; path = SecondViewController.h; sourceTree = "<group>"; };
		603BFA171BDDFF240001148C /* SecondViewController.m */ = {isa = PBXFileReference; lastKnownFileType = sourcecode.c.objc; path = SecondViewController.m; sourceTree = "<group>"; };
		603BFA1A1BDDFF240001148C /* Base */ = {isa = PBXFileReference; lastKnownFileType = file.storyboard; name = Base; path = Base.lproj/Main.storyboard; sourceTree = "<group>"; };
		603BFA1F1BDDFF240001148C /* Base */ = {isa = PBXFileReference; lastKnownFileType = file.storyboard; name = Base; path = Base.lproj/LaunchScreen.storyboard; sourceTree = "<group>"; };
		603BFA211BDDFF240001148C /* Info.plist */ = {isa = PBXFileReference; lastKnownFileType = text.plist.xml; path = Info.plist; sourceTree = "<group>"; };
		603BFA271BDDFF4F0001148C /* CFNetwork.framework */ = {isa = PBXFileReference; lastKnownFileType = wrapper.framework; name = CFNetwork.framework; path = System/Library/Frameworks/CFNetwork.framework; sourceTree = SDKROOT; };
		603BFA291BDDFF590001148C /* CoreAudio.framework */ = {isa = PBXFileReference; lastKnownFileType = wrapper.framework; name = CoreAudio.framework; path = System/Library/Frameworks/CoreAudio.framework; sourceTree = SDKROOT; };
		603BFA2B1BDDFF620001148C /* CoreFoundation.framework */ = {isa = PBXFileReference; lastKnownFileType = wrapper.framework; name = CoreFoundation.framework; path = System/Library/Frameworks/CoreFoundation.framework; sourceTree = SDKROOT; };
		603BFA2D1BDDFF660001148C /* CoreGraphics.framework */ = {isa = PBXFileReference; lastKnownFileType = wrapper.framework; name = CoreGraphics.framework; path = System/Library/Frameworks/CoreGraphics.framework; sourceTree = SDKROOT; };
		603BFA2F1BDDFFA30001148C /* CoreTelephony.framework */ = {isa = PBXFileReference; lastKnownFileType = wrapper.framework; name = CoreTelephony.framework; path = System/Library/Frameworks/CoreTelephony.framework; sourceTree = SDKROOT; };
		603BFA311BDDFFBE0001148C /* SystemConfiguration.framework */ = {isa = PBXFileReference; lastKnownFileType = wrapper.framework; name = SystemConfiguration.framework; path = System/Library/Frameworks/SystemConfiguration.framework; sourceTree = SDKROOT; };
		603BFA331BDDFFC90001148C /* Foundation.framework */ = {isa = PBXFileReference; lastKnownFileType = wrapper.framework; name = Foundation.framework; path = System/Library/Frameworks/Foundation.framework; sourceTree = SDKROOT; };
		603BFA351BDDFFD00001148C /* UIKit.framework */ = {isa = PBXFileReference; lastKnownFileType = wrapper.framework; name = UIKit.framework; path = System/Library/Frameworks/UIKit.framework; sourceTree = SDKROOT; };
		603BFA371BDDFFD70001148C /* Security.framework */ = {isa = PBXFileReference; lastKnownFileType = wrapper.framework; name = Security.framework; path = System/Library/Frameworks/Security.framework; sourceTree = SDKROOT; };
		603BFA391BDDFFE00001148C /* libz.tbd */ = {isa = PBXFileReference; lastKnownFileType = "sourcecode.text-based-dylib-definition"; name = libz.tbd; path = usr/lib/libz.tbd; sourceTree = SDKROOT; };
		603BFA3B1BDDFFEA0001148C /* AudioToolbox.framework */ = {isa = PBXFileReference; lastKnownFileType = wrapper.framework; name = AudioToolbox.framework; path = System/Library/Frameworks/AudioToolbox.framework; sourceTree = SDKROOT; };
		603BFA3D1BDDFFFD0001148C /* libsqlite3.0.tbd */ = {isa = PBXFileReference; lastKnownFileType = "sourcecode.text-based-dylib-definition"; name = libsqlite3.0.tbd; path = usr/lib/libsqlite3.0.tbd; sourceTree = SDKROOT; };
		604AAE021D4108F000700D37 /* JMessage.framework */ = {isa = PBXFileReference; lastKnownFileType = wrapper.framework; path = JMessage.framework; sourceTree = "<group>"; };
		608236201BDE68D200F944FA /* CoreLocation.framework */ = {isa = PBXFileReference; lastKnownFileType = wrapper.framework; name = CoreLocation.framework; path = System/Library/Frameworks/CoreLocation.framework; sourceTree = SDKROOT; };
		6095E97C1D2E27AE006EF3EA /* XHFoundationMacro.h */ = {isa = PBXFileReference; fileEncoding = 4; lastKnownFileType = sourcecode.c.h; path = XHFoundationMacro.h; sourceTree = "<group>"; };
		6095E97D1D2E27AE006EF3EA /* XHMacro.h */ = {isa = PBXFileReference; fileEncoding = 4; lastKnownFileType = sourcecode.c.h; path = XHMacro.h; sourceTree = "<group>"; };
		6095E97E1D2E27AE006EF3EA /* XHUIKitMacro.h */ = {isa = PBXFileReference; fileEncoding = 4; lastKnownFileType = sourcecode.c.h; path = XHUIKitMacro.h; sourceTree = "<group>"; };
		6095E97F1D2E27AE006EF3EA /* XHVoiceCommonHelper.h */ = {isa = PBXFileReference; fileEncoding = 4; lastKnownFileType = sourcecode.c.h; path = XHVoiceCommonHelper.h; sourceTree = "<group>"; };
		6095E9801D2E27AE006EF3EA /* XHVoiceCommonHelper.m */ = {isa = PBXFileReference; fileEncoding = 4; lastKnownFileType = sourcecode.c.objc; path = XHVoiceCommonHelper.m; sourceTree = "<group>"; };
		6095E9811D2E27AE006EF3EA /* XHVoiceRecordHelper.h */ = {isa = PBXFileReference; fileEncoding = 4; lastKnownFileType = sourcecode.c.h; path = XHVoiceRecordHelper.h; sourceTree = "<group>"; };
		6095E9821D2E27AE006EF3EA /* XHVoiceRecordHelper.m */ = {isa = PBXFileReference; fileEncoding = 4; lastKnownFileType = sourcecode.c.objc; path = XHVoiceRecordHelper.m; sourceTree = "<group>"; };
		6095E9831D2E27AE006EF3EA /* XHVoiceRecordHUD.h */ = {isa = PBXFileReference; fileEncoding = 4; lastKnownFileType = sourcecode.c.h; path = XHVoiceRecordHUD.h; sourceTree = "<group>"; };
		6095E9841D2E27AE006EF3EA /* XHVoiceRecordHUD.m */ = {isa = PBXFileReference; fileEncoding = 4; lastKnownFileType = sourcecode.c.objc; path = XHVoiceRecordHUD.m; sourceTree = "<group>"; };
		60AB6D731BE708F400C440B7 /* ChangePasswordViewController.h */ = {isa = PBXFileReference; fileEncoding = 4; lastKnownFileType = sourcecode.c.h; path = ChangePasswordViewController.h; sourceTree = "<group>"; };
		60AB6D741BE708F400C440B7 /* ChangePasswordViewController.m */ = {isa = PBXFileReference; fileEncoding = 4; lastKnownFileType = sourcecode.c.objc; path = ChangePasswordViewController.m; sourceTree = "<group>"; };
		60BA9E5B1D2B5F9B00A9D4CD /* JMSGMsgViewController.h */ = {isa = PBXFileReference; lastKnownFileType = sourcecode.c.h; path = JMSGMsgViewController.h; sourceTree = "<group>"; };
		60BA9E5C1D2B5FA400A9D4CD /* JMSGMsgViewController.m */ = {isa = PBXFileReference; fileEncoding = 4; lastKnownFileType = sourcecode.c.objc; path = JMSGMsgViewController.m; sourceTree = "<group>"; };
		60D728D21D227FEC002C4AC0 /* DisturbAndBlackListViewController.h */ = {isa = PBXFileReference; fileEncoding = 4; lastKnownFileType = sourcecode.c.h; path = DisturbAndBlackListViewController.h; sourceTree = "<group>"; };
		60D728D31D227FEC002C4AC0 /* DisturbAndBlackListViewController.m */ = {isa = PBXFileReference; fileEncoding = 4; lastKnownFileType = sourcecode.c.objc; path = DisturbAndBlackListViewController.m; sourceTree = "<group>"; };
		60E8F7D61D26005A00141508 /* jiguang.png */ = {isa = PBXFileReference; lastKnownFileType = image.png; path = jiguang.png; sourceTree = "<group>"; };
		60E8F7DC1D2604AF00141508 /* first.pdf */ = {isa = PBXFileReference; lastKnownFileType = image.pdf; path = first.pdf; sourceTree = "<group>"; };
		60E8F7DE1D2604B700141508 /* second.pdf */ = {isa = PBXFileReference; lastKnownFileType = image.pdf; path = second.pdf; sourceTree = "<group>"; };
		60E8F7E01D26089200141508 /* Assets.xcassets */ = {isa = PBXFileReference; lastKnownFileType = folder.assetcatalog; path = Assets.xcassets; sourceTree = "<group>"; };
		60EF31E61BDF1A0D0003C300 /* MobileCoreServices.framework */ = {isa = PBXFileReference; lastKnownFileType = wrapper.framework; name = MobileCoreServices.framework; path = System/Library/Frameworks/MobileCoreServices.framework; sourceTree = SDKROOT; };
		60F44E701BE120C500B4598B /* 720_切图_32.png */ = {isa = PBXFileReference; lastKnownFileType = image.png; path = "720_切图_32.png"; sourceTree = "<group>"; };
		60F44E721BE1218100B4598B /* 720__58.png */ = {isa = PBXFileReference; lastKnownFileType = image.png; path = 720__58.png; sourceTree = "<group>"; };
		60F44E741BE1222800B4598B /* 群组.png */ = {isa = PBXFileReference; lastKnownFileType = image.png; path = "群组.png"; sourceTree = "<group>"; };
		60F989851D0565B0007012CC /* NSNull+Fff.h */ = {isa = PBXFileReference; fileEncoding = 4; lastKnownFileType = sourcecode.c.h; path = "NSNull+Fff.h"; sourceTree = "<group>"; };
		60F989861D0565B0007012CC /* NSNull+Fff.m */ = {isa = PBXFileReference; fileEncoding = 4; lastKnownFileType = sourcecode.c.objc; path = "NSNull+Fff.m"; sourceTree = "<group>"; };
		60F989881D0566F3007012CC /* PrefixHeaderIM211.pch */ = {isa = PBXFileReference; fileEncoding = 4; lastKnownFileType = sourcecode.c.h; path = PrefixHeaderIM211.pch; sourceTree = "<group>"; };
		60FF5E3A1D2BAFCC00F2795D /* AdSupport.framework */ = {isa = PBXFileReference; lastKnownFileType = wrapper.framework; name = AdSupport.framework; path = System/Library/Frameworks/AdSupport.framework; sourceTree = SDKROOT; };
/* End PBXFileReference section */

/* Begin PBXFrameworksBuildPhase section */
		603BFA071BDDFF230001148C /* Frameworks */ = {
			isa = PBXFrameworksBuildPhase;
			buildActionMask = 2147483647;
			files = (
				60FF5E3B1D2BAFCC00F2795D /* AdSupport.framework in Frameworks */,
				60A5D4C41BDF4A5300499CCE /* MobileCoreServices.framework in Frameworks */,
				608236231BDE69A200F944FA /* libsqlite3.0.tbd in Frameworks */,
				608236221BDE699700F944FA /* libz.tbd in Frameworks */,
				603BFA3C1BDDFFEA0001148C /* AudioToolbox.framework in Frameworks */,
				603BFA381BDDFFD80001148C /* Security.framework in Frameworks */,
				603BFA361BDDFFD00001148C /* UIKit.framework in Frameworks */,
				603BFA341BDDFFC90001148C /* Foundation.framework in Frameworks */,
				603BFA321BDDFFBE0001148C /* SystemConfiguration.framework in Frameworks */,
				603BFA301BDDFFA30001148C /* CoreTelephony.framework in Frameworks */,
				603BFA2E1BDDFF660001148C /* CoreGraphics.framework in Frameworks */,
				603BFA2C1BDDFF620001148C /* CoreFoundation.framework in Frameworks */,
				603BFA2A1BDDFF590001148C /* CoreAudio.framework in Frameworks */,
				604AAE031D4108F000700D37 /* JMessage.framework in Frameworks */,
				603BFA281BDDFF500001148C /* CFNetwork.framework in Frameworks */,
			);
			runOnlyForDeploymentPostprocessing = 0;
		};
/* End PBXFrameworksBuildPhase section */

/* Begin PBXGroup section */
		603BFA011BDDFF230001148C = {
			isa = PBXGroup;
			children = (
				604AAE021D4108F000700D37 /* JMessage.framework */,
				6095E97A1D2E27AE006EF3EA /* RecordView */,
				60FF5E3A1D2BAFCC00F2795D /* AdSupport.framework */,
				60E8F7E01D26089200141508 /* Assets.xcassets */,
				601DDC791D053C0C003AC39C /* Foundation+Log.m */,
				603BFA0C1BDDFF240001148C /* im213demo */,
				60F44E6F1BE120B400B4598B /* icon */,
				608236201BDE68D200F944FA /* CoreLocation.framework */,
				60EF31E61BDF1A0D0003C300 /* MobileCoreServices.framework */,
				603BFA3B1BDDFFEA0001148C /* AudioToolbox.framework */,
				603BFA391BDDFFE00001148C /* libz.tbd */,
				603BFA3D1BDDFFFD0001148C /* libsqlite3.0.tbd */,
				603BFA371BDDFFD70001148C /* Security.framework */,
				603BFA351BDDFFD00001148C /* UIKit.framework */,
				603BFA331BDDFFC90001148C /* Foundation.framework */,
				603BFA311BDDFFBE0001148C /* SystemConfiguration.framework */,
				603BFA2F1BDDFFA30001148C /* CoreTelephony.framework */,
				603BFA2D1BDDFF660001148C /* CoreGraphics.framework */,
				603BFA2B1BDDFF620001148C /* CoreFoundation.framework */,
				603BFA291BDDFF590001148C /* CoreAudio.framework */,
				603BFA271BDDFF4F0001148C /* CFNetwork.framework */,
				603BFA0B1BDDFF240001148C /* Products */,
			);
			sourceTree = "<group>";
		};
		603BFA0B1BDDFF240001148C /* Products */ = {
			isa = PBXGroup;
			children = (
				603BFA0A1BDDFF240001148C /* im213qpt.app */,
			);
			name = Products;
			sourceTree = "<group>";
		};
		603BFA0C1BDDFF240001148C /* im213demo */ = {
			isa = PBXGroup;
			children = (
				60BA9E5B1D2B5F9B00A9D4CD /* JMSGMsgViewController.h */,
				60BA9E5C1D2B5FA400A9D4CD /* JMSGMsgViewController.m */,
				60D728D21D227FEC002C4AC0 /* DisturbAndBlackListViewController.h */,
				60D728D31D227FEC002C4AC0 /* DisturbAndBlackListViewController.m */,
				6016EE331BEC41790083ADAD /* ConversationViewController.h */,
				6016EE341BEC41790083ADAD /* ConversationViewController.m */,
				60AB6D731BE708F400C440B7 /* ChangePasswordViewController.h */,
				60AB6D741BE708F400C440B7 /* ChangePasswordViewController.m */,
				6008A5401BE0A4E2007A634F /* messageViewController.h */,
				6008A5411BE0A4E2007A634F /* messageViewController.m */,
				6008A53E1BDF7664007A634F /* buttonBlue.png */,
				603BFA101BDDFF240001148C /* AppDelegate.h */,
				603BFA111BDDFF240001148C /* AppDelegate.m */,
				603BFA131BDDFF240001148C /* FirstViewController.h */,
				603BFA141BDDFF240001148C /* FirstViewController.m */,
				603BFA161BDDFF240001148C /* SecondViewController.h */,
				603BFA171BDDFF240001148C /* SecondViewController.m */,
				603BFA191BDDFF240001148C /* Main.storyboard */,
				603BFA1E1BDDFF240001148C /* LaunchScreen.storyboard */,
				603BFA211BDDFF240001148C /* Info.plist */,
				603BFA0D1BDDFF240001148C /* Supporting Files */,
			);
			name = im213demo;
			path = im200demo;
			sourceTree = "<group>";
		};
		603BFA0D1BDDFF240001148C /* Supporting Files */ = {
			isa = PBXGroup;
			children = (
				60F989851D0565B0007012CC /* NSNull+Fff.h */,
				60F989861D0565B0007012CC /* NSNull+Fff.m */,
				603BFA0E1BDDFF240001148C /* main.m */,
				60F989881D0566F3007012CC /* PrefixHeaderIM211.pch */,
			);
			name = "Supporting Files";
			sourceTree = "<group>";
		};
		6095E97A1D2E27AE006EF3EA /* RecordView */ = {
			isa = PBXGroup;
			children = (
				6095E97B1D2E27AE006EF3EA /* Macro */,
				6095E97F1D2E27AE006EF3EA /* XHVoiceCommonHelper.h */,
				6095E9801D2E27AE006EF3EA /* XHVoiceCommonHelper.m */,
				6095E9811D2E27AE006EF3EA /* XHVoiceRecordHelper.h */,
				6095E9821D2E27AE006EF3EA /* XHVoiceRecordHelper.m */,
				6095E9831D2E27AE006EF3EA /* XHVoiceRecordHUD.h */,
				6095E9841D2E27AE006EF3EA /* XHVoiceRecordHUD.m */,
			);
			path = RecordView;
			sourceTree = "<group>";
		};
		6095E97B1D2E27AE006EF3EA /* Macro */ = {
			isa = PBXGroup;
			children = (
				6095E97C1D2E27AE006EF3EA /* XHFoundationMacro.h */,
				6095E97D1D2E27AE006EF3EA /* XHMacro.h */,
				6095E97E1D2E27AE006EF3EA /* XHUIKitMacro.h */,
			);
			path = Macro;
			sourceTree = "<group>";
		};
		60F44E6F1BE120B400B4598B /* icon */ = {
			isa = PBXGroup;
			children = (
				60E8F7DE1D2604B700141508 /* second.pdf */,
				60E8F7DC1D2604AF00141508 /* first.pdf */,
				60E8F7D61D26005A00141508 /* jiguang.png */,
				60F44E721BE1218100B4598B /* 720__58.png */,
				60F44E741BE1222800B4598B /* 群组.png */,
				60F44E701BE120C500B4598B /* 720_切图_32.png */,
			);
			name = icon;
			sourceTree = "<group>";
		};
/* End PBXGroup section */

/* Begin PBXNativeTarget section */
		603BFA091BDDFF230001148C /* im213qpt */ = {
			isa = PBXNativeTarget;
			buildConfigurationList = 603BFA241BDDFF240001148C /* Build configuration list for PBXNativeTarget "im213qpt" */;
			buildPhases = (
				603BFA061BDDFF230001148C /* Sources */,
				603BFA071BDDFF230001148C /* Frameworks */,
				603BFA081BDDFF230001148C /* Resources */,
			);
			buildRules = (
			);
			dependencies = (
			);
			name = im213qpt;
			productName = im200demo;
			productReference = 603BFA0A1BDDFF240001148C /* im213qpt.app */;
			productType = "com.apple.product-type.application";
		};
/* End PBXNativeTarget section */

/* Begin PBXProject section */
		603BFA021BDDFF230001148C /* Project object */ = {
			isa = PBXProject;
			attributes = {
				LastUpgradeCheck = 0710;
				ORGANIZATIONNAME = LinGuangzhen;
				TargetAttributes = {
					603BFA091BDDFF230001148C = {
						CreatedOnToolsVersion = 7.1;
						SystemCapabilities = {
							com.apple.BackgroundModes = {
								enabled = 1;
							};
						};
					};
				};
			};
			buildConfigurationList = 603BFA051BDDFF230001148C /* Build configuration list for PBXProject "im213qpt" */;
			compatibilityVersion = "Xcode 3.2";
			developmentRegion = English;
			hasScannedForEncodings = 0;
			knownRegions = (
				en,
				Base,
			);
			mainGroup = 603BFA011BDDFF230001148C;
			productRefGroup = 603BFA0B1BDDFF240001148C /* Products */;
			projectDirPath = "";
			projectRoot = "";
			targets = (
				603BFA091BDDFF230001148C /* im213qpt */,
			);
		};
/* End PBXProject section */

/* Begin PBXResourcesBuildPhase section */
		603BFA081BDDFF230001148C /* Resources */ = {
			isa = PBXResourcesBuildPhase;
			buildActionMask = 2147483647;
			files = (
				60E8F7DD1D2604AF00141508 /* first.pdf in Resources */,
				60A5D4C31BDF44C900499CCE /* Info.plist in Resources */,
				60F44E751BE1222800B4598B /* 群组.png in Resources */,
				60E8F7D71D26005A00141508 /* jiguang.png in Resources */,
				603BFA201BDDFF240001148C /* LaunchScreen.storyboard in Resources */,
				60E8F7DF1D2604B700141508 /* second.pdf in Resources */,
				60F44E731BE1218100B4598B /* 720__58.png in Resources */,
				6008A53F1BDF7664007A634F /* buttonBlue.png in Resources */,
				603BFA1B1BDDFF240001148C /* Main.storyboard in Resources */,
				60E8F7E11D26089200141508 /* Assets.xcassets in Resources */,
				60F44E711BE120C500B4598B /* 720_切图_32.png in Resources */,
			);
			runOnlyForDeploymentPostprocessing = 0;
		};
/* End PBXResourcesBuildPhase section */

/* Begin PBXSourcesBuildPhase section */
		603BFA061BDDFF230001148C /* Sources */ = {
			isa = PBXSourcesBuildPhase;
			buildActionMask = 2147483647;
			files = (
				603BFA181BDDFF240001148C /* SecondViewController.m in Sources */,
				60AB6D751BE708F400C440B7 /* ChangePasswordViewController.m in Sources */,
				60D728D41D227FEC002C4AC0 /* DisturbAndBlackListViewController.m in Sources */,
				6016EE351BEC41790083ADAD /* ConversationViewController.m in Sources */,
				60BA9E5D1D2B5FA400A9D4CD /* JMSGMsgViewController.m in Sources */,
				603BFA121BDDFF240001148C /* AppDelegate.m in Sources */,
				603BFA151BDDFF240001148C /* FirstViewController.m in Sources */,
				6095E9851D2E27AE006EF3EA /* XHVoiceCommonHelper.m in Sources */,
				6008A5431BE0A4E2007A634F /* messageViewController.m in Sources */,
				6095E9871D2E27AE006EF3EA /* XHVoiceRecordHUD.m in Sources */,
				603BFA0F1BDDFF240001148C /* main.m in Sources */,
				60F989871D0565B0007012CC /* NSNull+Fff.m in Sources */,
				601DDC7A1D053C0C003AC39C /* Foundation+Log.m in Sources */,
				6095E9861D2E27AE006EF3EA /* XHVoiceRecordHelper.m in Sources */,
			);
			runOnlyForDeploymentPostprocessing = 0;
		};
/* End PBXSourcesBuildPhase section */

/* Begin PBXVariantGroup section */
		603BFA191BDDFF240001148C /* Main.storyboard */ = {
			isa = PBXVariantGroup;
			children = (
				603BFA1A1BDDFF240001148C /* Base */,
			);
			name = Main.storyboard;
			sourceTree = "<group>";
		};
		603BFA1E1BDDFF240001148C /* LaunchScreen.storyboard */ = {
			isa = PBXVariantGroup;
			children = (
				603BFA1F1BDDFF240001148C /* Base */,
			);
			name = LaunchScreen.storyboard;
			sourceTree = "<group>";
		};
/* End PBXVariantGroup section */

/* Begin XCBuildConfiguration section */
		603BFA221BDDFF240001148C /* Debug */ = {
			isa = XCBuildConfiguration;
			buildSettings = {
				ALWAYS_SEARCH_USER_PATHS = NO;
				CLANG_CXX_LANGUAGE_STANDARD = "gnu++0x";
				CLANG_CXX_LIBRARY = "libc++";
				CLANG_ENABLE_MODULES = YES;
				CLANG_ENABLE_OBJC_ARC = YES;
				CLANG_WARN_BOOL_CONVERSION = YES;
				CLANG_WARN_CONSTANT_CONVERSION = YES;
				CLANG_WARN_DIRECT_OBJC_ISA_USAGE = YES_ERROR;
				CLANG_WARN_EMPTY_BODY = YES;
				CLANG_WARN_ENUM_CONVERSION = YES;
				CLANG_WARN_INT_CONVERSION = YES;
				CLANG_WARN_OBJC_ROOT_CLASS = YES_ERROR;
				CLANG_WARN_UNREACHABLE_CODE = YES;
				CLANG_WARN__DUPLICATE_METHOD_MATCH = YES;
				CODE_SIGN_IDENTITY = "";
				"CODE_SIGN_IDENTITY[sdk=iphoneos*]" = "";
				COPY_PHASE_STRIP = NO;
				DEBUG_INFORMATION_FORMAT = dwarf;
				ENABLE_STRICT_OBJC_MSGSEND = YES;
				ENABLE_TESTABILITY = YES;
				GCC_C_LANGUAGE_STANDARD = gnu99;
				GCC_DYNAMIC_NO_PIC = NO;
				GCC_NO_COMMON_BLOCKS = YES;
				GCC_OPTIMIZATION_LEVEL = 0;
				GCC_PREPROCESSOR_DEFINITIONS = (
					"DEBUG=1",
					"$(inherited)",
				);
				GCC_WARN_64_TO_32_BIT_CONVERSION = YES;
				GCC_WARN_ABOUT_RETURN_TYPE = YES_ERROR;
				GCC_WARN_UNDECLARED_SELECTOR = YES;
				GCC_WARN_UNINITIALIZED_AUTOS = YES_AGGRESSIVE;
				GCC_WARN_UNUSED_FUNCTION = YES;
				GCC_WARN_UNUSED_VARIABLE = YES;
				IPHONEOS_DEPLOYMENT_TARGET = 9.1;
				MTL_ENABLE_DEBUG_INFO = YES;
				ONLY_ACTIVE_ARCH = YES;
				PROVISIONING_PROFILE = "6ca68954-fc25-447c-b080-87b223130d1f";
				SDKROOT = iphoneos;
			};
			name = Debug;
		};
		603BFA231BDDFF240001148C /* Release */ = {
			isa = XCBuildConfiguration;
			buildSettings = {
				ALWAYS_SEARCH_USER_PATHS = NO;
				CLANG_CXX_LANGUAGE_STANDARD = "gnu++0x";
				CLANG_CXX_LIBRARY = "libc++";
				CLANG_ENABLE_MODULES = YES;
				CLANG_ENABLE_OBJC_ARC = YES;
				CLANG_WARN_BOOL_CONVERSION = YES;
				CLANG_WARN_CONSTANT_CONVERSION = YES;
				CLANG_WARN_DIRECT_OBJC_ISA_USAGE = YES_ERROR;
				CLANG_WARN_EMPTY_BODY = YES;
				CLANG_WARN_ENUM_CONVERSION = YES;
				CLANG_WARN_INT_CONVERSION = YES;
				CLANG_WARN_OBJC_ROOT_CLASS = YES_ERROR;
				CLANG_WARN_UNREACHABLE_CODE = YES;
				CLANG_WARN__DUPLICATE_METHOD_MATCH = YES;
				CODE_SIGN_IDENTITY = "";
				"CODE_SIGN_IDENTITY[sdk=iphoneos*]" = "";
				COPY_PHASE_STRIP = NO;
				DEBUG_INFORMATION_FORMAT = "dwarf-with-dsym";
				ENABLE_NS_ASSERTIONS = NO;
				ENABLE_STRICT_OBJC_MSGSEND = YES;
				GCC_C_LANGUAGE_STANDARD = gnu99;
				GCC_NO_COMMON_BLOCKS = YES;
				GCC_WARN_64_TO_32_BIT_CONVERSION = YES;
				GCC_WARN_ABOUT_RETURN_TYPE = YES_ERROR;
				GCC_WARN_UNDECLARED_SELECTOR = YES;
				GCC_WARN_UNINITIALIZED_AUTOS = YES_AGGRESSIVE;
				GCC_WARN_UNUSED_FUNCTION = YES;
				GCC_WARN_UNUSED_VARIABLE = YES;
				IPHONEOS_DEPLOYMENT_TARGET = 9.1;
				MTL_ENABLE_DEBUG_INFO = NO;
				PROVISIONING_PROFILE = "6ca68954-fc25-447c-b080-87b223130d1f";
				SDKROOT = iphoneos;
				VALIDATE_PRODUCT = YES;
			};
			name = Release;
		};
		603BFA251BDDFF240001148C /* Debug */ = {
			isa = XCBuildConfiguration;
			buildSettings = {
				ASSETCATALOG_COMPILER_APPICON_NAME = AppIcon;
				CODE_SIGN_IDENTITY = "";
				"CODE_SIGN_IDENTITY[sdk=iphoneos*]" = "iPhone Developer: 广珍 林 (JXBUJATAU9)";
				FRAMEWORK_SEARCH_PATHS = (
					"$(inherited)",
					"$(PROJECT_DIR)/im200demo",
					"$(PROJECT_DIR)",
					"$(PROJECT_DIR)/RecordView",
				);
				GCC_PRECOMPILE_PREFIX_HEADER = YES;
				GCC_PREFIX_HEADER = "$(SRCROOT)/im200demo/PrefixHeaderIM211.pch";
				INFOPLIST_FILE = im200demo/Info.plist;
				IPHONEOS_DEPLOYMENT_TARGET = 6.0;
				LD_RUNPATH_SEARCH_PATHS = "$(inherited) @executable_path/Frameworks";
				LIBRARY_SEARCH_PATHS = "$(PROJECT_DIR)/im200demo";
				OTHER_LDFLAGS = (
					"-ObjC",
					"-all_load",
				);
				PRODUCT_BUNDLE_IDENTIFIER = lingz.test01;
				PRODUCT_NAME = im213qpt;
				PROVISIONING_PROFILE = "5fa00542-7673-4633-8f53-8fc0295b61b4";
				USER_HEADER_SEARCH_PATHS = "";
			};
			name = Debug;
		};
		603BFA261BDDFF240001148C /* Release */ = {
			isa = XCBuildConfiguration;
			buildSettings = {
				ASSETCATALOG_COMPILER_APPICON_NAME = AppIcon;
				CODE_SIGN_IDENTITY = "";
				"CODE_SIGN_IDENTITY[sdk=iphoneos*]" = "";
				FRAMEWORK_SEARCH_PATHS = (
					"$(inherited)",
					"$(PROJECT_DIR)/im200demo",
					"$(PROJECT_DIR)",
					"$(PROJECT_DIR)/RecordView",
				);
				GCC_PRECOMPILE_PREFIX_HEADER = YES;
				GCC_PREFIX_HEADER = "$(SRCROOT)/im200demo/PrefixHeaderIM211.pch";
				INFOPLIST_FILE = im200demo/Info.plist;
				IPHONEOS_DEPLOYMENT_TARGET = 6.0;
				LD_RUNPATH_SEARCH_PATHS = "$(inherited) @executable_path/Frameworks";
				LIBRARY_SEARCH_PATHS = "$(PROJECT_DIR)/im200demo";
				OTHER_LDFLAGS = (
					"-ObjC",
					"-all_load",
				);
				PRODUCT_BUNDLE_IDENTIFIER = lingz.test01;
				PRODUCT_NAME = im213qpt;
				PROVISIONING_PROFILE = "5fa00542-7673-4633-8f53-8fc0295b61b4";
				USER_HEADER_SEARCH_PATHS = "";
			};
			name = Release;
		};
/* End XCBuildConfiguration section */

/* Begin XCConfigurationList section */
		603BFA051BDDFF230001148C /* Build configuration list for PBXProject "im213qpt" */ = {
			isa = XCConfigurationList;
			buildConfigurations = (
				603BFA221BDDFF240001148C /* Debug */,
				603BFA231BDDFF240001148C /* Release */,
			);
			defaultConfigurationIsVisible = 0;
			defaultConfigurationName = Release;
		};
		603BFA241BDDFF240001148C /* Build configuration list for PBXNativeTarget "im213qpt" */ = {
			isa = XCConfigurationList;
			buildConfigurations = (
				603BFA251BDDFF240001148C /* Debug */,
				603BFA261BDDFF240001148C /* Release */,
			);
			defaultConfigurationIsVisible = 0;
			defaultConfigurationName = Release;
		};
/* End XCConfigurationList section */
	};
	rootObject = 603BFA021BDDFF230001148C /* Project object */;
}
